
Microsoft Visual Studio Solution File, Format Version 12.00
Project("{FAE04EC0-301F-11D3-BF4B-00C04F79EFBC}") = "Test0628", "Test0628\Test0628.csproj", "{031E025F-ED57-4B4E-A86C-C85D2D8019FC}"
EndProject
Global
	GlobalSection(SolutionConfigurationPlatforms) = preSolution
		Debug|Any CPU = Debug|Any CPU
		Release|Any CPU = Release|Any CPU
	EndGlobalSection
	GlobalSection(ProjectConfigurationPlatforms) = postSolution
		{031E025F-ED57-4B4E-A86C-C85D2D8019FC}.Debug|Any CPU.ActiveCfg = Debug|Any CPU
		{031E025F-ED57-4B4E-A86C-C85D2D8019FC}.Debug|Any CPU.Build.0 = Debug|Any CPU
		{031E025F-ED57-4B4E-A86C-C85D2D8019FC}.Release|Any CPU.ActiveCfg = Release|Any CPU
		{031E025F-ED57-4B4E-A86C-C85D2D8019FC}.Release|Any CPU.Build.0 = Release|Any CPU
	EndGlobalSection
EndGlobal
